
Microsoft Visual Studio Solution File, Format Version 12.00
# Visual Studio Version 16
VisualStudioVersion = 25.0.1703.1
MinimumVisualStudioVersion = 10.0.40219.1
Project("{FAE04EC0-301F-11D3-BF4B-00C04F79EFBC}") = "Galactica", "Galactica.csproj", "{856F9E43-69AD-4568-BDD2-32A9F2003C66}"
EndProject
Global
	GlobalSection(SolutionConfigurationPlatforms) = preSolution
		Debug|Any CPU = Debug|Any CPU
		Release|Any CPU = Release|Any CPU
	EndGlobalSection
	GlobalSection(ProjectConfigurationPlatforms) = postSolution
		{856F9E43-69AD-4568-BDD2-32A9F2003C66}.Debug|Any CPU.ActiveCfg = Debug|Any CPU
		{856F9E43-69AD-4568-BDD2-32A9F2003C66}.Debug|Any CPU.Build.0 = Debug|Any CPU
		{856F9E43-69AD-4568-BDD2-32A9F2003C66}.Release|Any CPU.ActiveCfg = Release|Any CPU
		{856F9E43-69AD-4568-BDD2-32A9F2003C66}.Release|Any CPU.Build.0 = Release|Any CPU
	EndGlobalSection
	GlobalSection(SolutionProperties) = preSolution
		HideSolutionNode = FALSE
	EndGlobalSection
	GlobalSection(ExtensibilityGlobals) = postSolution
		SolutionGuid = {76961451-C03E-4A48-B8BA-8E571A2ACDDD}
	EndGlobalSection
EndGlobal
